// !$*UTF8*$!
{
	archiveVersion = 1;
	classes = {
	};
	objectVersion = 50;
	objects = {

/* Begin PBXBuildFile section */
		3768192C26A7534A003CA1D6 /* AppDelegate.swift in Sources */ = {isa = PBXBuildFile; fileRef = 3768192B26A7534A003CA1D6 /* AppDelegate.swift */; };
		3768192E26A7534A003CA1D6 /* SceneDelegate.swift in Sources */ = {isa = PBXBuildFile; fileRef = 3768192D26A7534A003CA1D6 /* SceneDelegate.swift */; };
		3768193326A7534A003CA1D6 /* Main.storyboard in Resources */ = {isa = PBXBuildFile; fileRef = 3768193126A7534A003CA1D6 /* Main.storyboard */; };
		3768193626A7534A003CA1D6 /* booksmartProject.xcdatamodeld in Sources */ = {isa = PBXBuildFile; fileRef = 3768193426A7534A003CA1D6 /* booksmartProject.xcdatamodeld */; };
		3768193826A75350003CA1D6 /* Assets.xcassets in Resources */ = {isa = PBXBuildFile; fileRef = 3768193726A75350003CA1D6 /* Assets.xcassets */; };
		3768193B26A75350003CA1D6 /* LaunchScreen.storyboard in Resources */ = {isa = PBXBuildFile; fileRef = 3768193926A75350003CA1D6 /* LaunchScreen.storyboard */; };
		3768194526A9A8A3003CA1D6 /* homePage.swift in Sources */ = {isa = PBXBuildFile; fileRef = 3768194426A9A8A3003CA1D6 /* homePage.swift */; };
		3768194726A9A8C4003CA1D6 /* K-1.swift in Sources */ = {isa = PBXBuildFile; fileRef = 3768194626A9A8C4003CA1D6 /* K-1.swift */; };
		3768194926A9A8D7003CA1D6 /* 2-3.swift in Sources */ = {isa = PBXBuildFile; fileRef = 3768194826A9A8D7003CA1D6 /* 2-3.swift */; };
		3768194B26A9A8ED003CA1D6 /* 4-5.swift in Sources */ = {isa = PBXBuildFile; fileRef = 3768194A26A9A8ED003CA1D6 /* 4-5.swift */; };
		3768194D26A9A928003CA1D6 /* allLinks.swift in Sources */ = {isa = PBXBuildFile; fileRef = 3768194C26A9A928003CA1D6 /* allLinks.swift */; };
		3768194F26A9A93A003CA1D6 /* allBooks.swift in Sources */ = {isa = PBXBuildFile; fileRef = 3768194E26A9A93A003CA1D6 /* allBooks.swift */; };
		3768195126A9A94B003CA1D6 /* allVideos.swift in Sources */ = {isa = PBXBuildFile; fileRef = 3768195026A9A94B003CA1D6 /* allVideos.swift */; };
		3768195326A9A980003CA1D6 /* aboutUs.swift in Sources */ = {isa = PBXBuildFile; fileRef = 3768195226A9A980003CA1D6 /* aboutUs.swift */; };
		3768195526A9A991003CA1D6 /* howToUse.swift in Sources */ = {isa = PBXBuildFile; fileRef = 3768195426A9A991003CA1D6 /* howToUse.swift */; };
		3768195726A9A9A4003CA1D6 /* contactUs.swift in Sources */ = {isa = PBXBuildFile; fileRef = 3768195626A9A9A4003CA1D6 /* contactUs.swift */; };
		3768195926A9A9E0003CA1D6 /* findABook.swift in Sources */ = {isa = PBXBuildFile; fileRef = 3768195826A9A9E0003CA1D6 /* findABook.swift */; };
/* End PBXBuildFile section */

/* Begin PBXFileReference section */
		3768192826A7534A003CA1D6 /* booksmartProject.app */ = {isa = PBXFileReference; explicitFileType = wrapper.application; includeInIndex = 0; path = booksmartProject.app; sourceTree = BUILT_PRODUCTS_DIR; };
		3768192B26A7534A003CA1D6 /* AppDelegate.swift */ = {isa = PBXFileReference; lastKnownFileType = sourcecode.swift; path = AppDelegate.swift; sourceTree = "<group>"; };
		3768192D26A7534A003CA1D6 /* SceneDelegate.swift */ = {isa = PBXFileReference; lastKnownFileType = sourcecode.swift; path = SceneDelegate.swift; sourceTree = "<group>"; };
		3768193226A7534A003CA1D6 /* Base */ = {isa = PBXFileReference; lastKnownFileType = file.storyboard; name = Base; path = Base.lproj/Main.storyboard; sourceTree = "<group>"; };
		3768193526A7534A003CA1D6 /* booksmartProject.xcdatamodel */ = {isa = PBXFileReference; lastKnownFileType = wrapper.xcdatamodel; path = booksmartProject.xcdatamodel; sourceTree = "<group>"; };
		3768193726A75350003CA1D6 /* Assets.xcassets */ = {isa = PBXFileReference; lastKnownFileType = folder.assetcatalog; path = Assets.xcassets; sourceTree = "<group>"; };
		3768193A26A75350003CA1D6 /* Base */ = {isa = PBXFileReference; lastKnownFileType = file.storyboard; name = Base; path = Base.lproj/LaunchScreen.storyboard; sourceTree = "<group>"; };
		3768193C26A75350003CA1D6 /* Info.plist */ = {isa = PBXFileReference; lastKnownFileType = text.plist.xml; path = Info.plist; sourceTree = "<group>"; };
		3768194426A9A8A3003CA1D6 /* homePage.swift */ = {isa = PBXFileReference; lastKnownFileType = sourcecode.swift; path = homePage.swift; sourceTree = "<group>"; };
		3768194626A9A8C4003CA1D6 /* K-1.swift */ = {isa = PBXFileReference; lastKnownFileType = sourcecode.swift; path = "K-1.swift"; sourceTree = "<group>"; };
		3768194826A9A8D7003CA1D6 /* 2-3.swift */ = {isa = PBXFileReference; lastKnownFileType = sourcecode.swift; path = "2-3.swift"; sourceTree = "<group>"; };
		3768194A26A9A8ED003CA1D6 /* 4-5.swift */ = {isa = PBXFileReference; lastKnownFileType = sourcecode.swift; path = "4-5.swift"; sourceTree = "<group>"; };
		3768194C26A9A928003CA1D6 /* allLinks.swift */ = {isa = PBXFileReference; lastKnownFileType = sourcecode.swift; path = allLinks.swift; sourceTree = "<group>"; };
		3768194E26A9A93A003CA1D6 /* allBooks.swift */ = {isa = PBXFileReference; lastKnownFileType = sourcecode.swift; path = allBooks.swift; sourceTree = "<group>"; };
		3768195026A9A94B003CA1D6 /* allVideos.swift */ = {isa = PBXFileReference; lastKnownFileType = sourcecode.swift; path = allVideos.swift; sourceTree = "<group>"; };
		3768195226A9A980003CA1D6 /* aboutUs.swift */ = {isa = PBXFileReference; lastKnownFileType = sourcecode.swift; path = aboutUs.swift; sourceTree = "<group>"; };
		3768195426A9A991003CA1D6 /* howToUse.swift */ = {isa = PBXFileReference; lastKnownFileType = sourcecode.swift; path = howToUse.swift; sourceTree = "<group>"; };
		3768195626A9A9A4003CA1D6 /* contactUs.swift */ = {isa = PBXFileReference; lastKnownFileType = sourcecode.swift; path = contactUs.swift; sourceTree = "<group>"; };
		3768195826A9A9E0003CA1D6 /* findABook.swift */ = {isa = PBXFileReference; lastKnownFileType = sourcecode.swift; path = findABook.swift; sourceTree = "<group>"; };
/* End PBXFileReference section */

/* Begin PBXFrameworksBuildPhase section */
		3768192526A7534A003CA1D6 /* Frameworks */ = {
			isa = PBXFrameworksBuildPhase;
			buildActionMask = 2147483647;
			files = (
			);
			runOnlyForDeploymentPostprocessing = 0;
		};
/* End PBXFrameworksBuildPhase section */

/* Begin PBXGroup section */
		3768191F26A7534A003CA1D6 = {
			isa = PBXGroup;
			children = (
				3768192A26A7534A003CA1D6 /* booksmartProject */,
				3768192926A7534A003CA1D6 /* Products */,
			);
			sourceTree = "<group>";
		};
		3768192926A7534A003CA1D6 /* Products */ = {
			isa = PBXGroup;
			children = (
				3768192826A7534A003CA1D6 /* booksmartProject.app */,
			);
			name = Products;
			sourceTree = "<group>";
		};
		3768192A26A7534A003CA1D6 /* booksmartProject */ = {
			isa = PBXGroup;
			children = (
				3768192B26A7534A003CA1D6 /* AppDelegate.swift */,
				3768192D26A7534A003CA1D6 /* SceneDelegate.swift */,
				3768193126A7534A003CA1D6 /* Main.storyboard */,
				3768195826A9A9E0003CA1D6 /* findABook.swift */,
				3768195226A9A980003CA1D6 /* aboutUs.swift */,
				3768195426A9A991003CA1D6 /* howToUse.swift */,
				3768195626A9A9A4003CA1D6 /* contactUs.swift */,
				3768194C26A9A928003CA1D6 /* allLinks.swift */,
				3768194E26A9A93A003CA1D6 /* allBooks.swift */,
				3768195026A9A94B003CA1D6 /* allVideos.swift */,
				3768194626A9A8C4003CA1D6 /* K-1.swift */,
				3768194826A9A8D7003CA1D6 /* 2-3.swift */,
				3768194A26A9A8ED003CA1D6 /* 4-5.swift */,
				3768194426A9A8A3003CA1D6 /* homePage.swift */,
				3768193726A75350003CA1D6 /* Assets.xcassets */,
				3768193926A75350003CA1D6 /* LaunchScreen.storyboard */,
				3768193C26A75350003CA1D6 /* Info.plist */,
				3768193426A7534A003CA1D6 /* booksmartProject.xcdatamodeld */,
			);
			path = booksmartProject;
			sourceTree = "<group>";
		};
/* End PBXGroup section */

/* Begin PBXNativeTarget section */
		3768192726A7534A003CA1D6 /* booksmartProject */ = {
			isa = PBXNativeTarget;
			buildConfigurationList = 3768193F26A75350003CA1D6 /* Build configuration list for PBXNativeTarget "booksmartProject" */;
			buildPhases = (
				3768192426A7534A003CA1D6 /* Sources */,
				3768192526A7534A003CA1D6 /* Frameworks */,
				3768192626A7534A003CA1D6 /* Resources */,
			);
			buildRules = (
			);
			dependencies = (
			);
			name = booksmartProject;
			productName = booksmartProject;
			productReference = 3768192826A7534A003CA1D6 /* booksmartProject.app */;
			productType = "com.apple.product-type.application";
		};
/* End PBXNativeTarget section */

/* Begin PBXProject section */
		3768192026A7534A003CA1D6 /* Project object */ = {
			isa = PBXProject;
			attributes = {
				LastSwiftUpdateCheck = 1250;
				LastUpgradeCheck = 1250;
				TargetAttributes = {
					3768192726A7534A003CA1D6 = {
						CreatedOnToolsVersion = 12.5.1;
					};
				};
			};
			buildConfigurationList = 3768192326A7534A003CA1D6 /* Build configuration list for PBXProject "booksmartProject" */;
			compatibilityVersion = "Xcode 9.3";
			developmentRegion = en;
			hasScannedForEncodings = 0;
			knownRegions = (
				en,
				Base,
			);
			mainGroup = 3768191F26A7534A003CA1D6;
			productRefGroup = 3768192926A7534A003CA1D6 /* Products */;
			projectDirPath = "";
			projectRoot = "";
			targets = (
				3768192726A7534A003CA1D6 /* booksmartProject */,
			);
		};
/* End PBXProject section */

/* Begin PBXResourcesBuildPhase section */
		3768192626A7534A003CA1D6 /* Resources */ = {
			isa = PBXResourcesBuildPhase;
			buildActionMask = 2147483647;
			files = (
				3768193B26A75350003CA1D6 /* LaunchScreen.storyboard in Resources */,
				3768193826A75350003CA1D6 /* Assets.xcassets in Resources */,
				3768193326A7534A003CA1D6 /* Main.storyboard in Resources */,
			);
			runOnlyForDeploymentPostprocessing = 0;
		};
/* End PBXResourcesBuildPhase section */

/* Begin PBXSourcesBuildPhase section */
		3768192426A7534A003CA1D6 /* Sources */ = {
			isa = PBXSourcesBuildPhase;
			buildActionMask = 2147483647;
			files = (
				3768195326A9A980003CA1D6 /* aboutUs.swift in Sources */,
				3768194B26A9A8ED003CA1D6 /* 4-5.swift in Sources */,
				3768195126A9A94B003CA1D6 /* allVideos.swift in Sources */,
				3768195926A9A9E0003CA1D6 /* findABook.swift in Sources */,
				3768195526A9A991003CA1D6 /* howToUse.swift in Sources */,
				3768194F26A9A93A003CA1D6 /* allBooks.swift in Sources */,
				3768192C26A7534A003CA1D6 /* AppDelegate.swift in Sources */,
				3768193626A7534A003CA1D6 /* booksmartProject.xcdatamodeld in Sources */,
				3768194D26A9A928003CA1D6 /* allLinks.swift in Sources */,
				3768195726A9A9A4003CA1D6 /* contactUs.swift in Sources */,
				3768192E26A7534A003CA1D6 /* SceneDelegate.swift in Sources */,
				3768194726A9A8C4003CA1D6 /* K-1.swift in Sources */,
				3768194926A9A8D7003CA1D6 /* 2-3.swift in Sources */,
				3768194526A9A8A3003CA1D6 /* homePage.swift in Sources */,
			);
			runOnlyForDeploymentPostprocessing = 0;
		};
/* End PBXSourcesBuildPhase section */

/* Begin PBXVariantGroup section */
		3768193126A7534A003CA1D6 /* Main.storyboard */ = {
			isa = PBXVariantGroup;
			children = (
				3768193226A7534A003CA1D6 /* Base */,
			);
			name = Main.storyboard;
			sourceTree = "<group>";
		};
		3768193926A75350003CA1D6 /* LaunchScreen.storyboard */ = {
			isa = PBXVariantGroup;
			children = (
				3768193A26A75350003CA1D6 /* Base */,
			);
			name = LaunchScreen.storyboard;
			sourceTree = "<group>";
		};
/* End PBXVariantGroup section */

/* Begin XCBuildConfiguration section */
		3768193D26A75350003CA1D6 /* Debug */ = {
			isa = XCBuildConfiguration;
			buildSettings = {
				ALWAYS_SEARCH_USER_PATHS = NO;
				CLANG_ANALYZER_NONNULL = YES;
				CLANG_ANALYZER_NUMBER_OBJECT_CONVERSION = YES_AGGRESSIVE;
				CLANG_CXX_LANGUAGE_STANDARD = "gnu++14";
				CLANG_CXX_LIBRARY = "libc++";
				CLANG_ENABLE_MODULES = YES;
				CLANG_ENABLE_OBJC_ARC = YES;
				CLANG_ENABLE_OBJC_WEAK = YES;
				CLANG_WARN_BLOCK_CAPTURE_AUTORELEASING = YES;
				CLANG_WARN_BOOL_CONVERSION = YES;
				CLANG_WARN_COMMA = YES;
				CLANG_WARN_CONSTANT_CONVERSION = YES;
				CLANG_WARN_DEPRECATED_OBJC_IMPLEMENTATIONS = YES;
				CLANG_WARN_DIRECT_OBJC_ISA_USAGE = YES_ERROR;
				CLANG_WARN_DOCUMENTATION_COMMENTS = YES;
				CLANG_WARN_EMPTY_BODY = YES;
				CLANG_WARN_ENUM_CONVERSION = YES;
				CLANG_WARN_INFINITE_RECURSION = YES;
				CLANG_WARN_INT_CONVERSION = YES;
				CLANG_WARN_NON_LITERAL_NULL_CONVERSION = YES;
				CLANG_WARN_OBJC_IMPLICIT_RETAIN_SELF = YES;
				CLANG_WARN_OBJC_LITERAL_CONVERSION = YES;
				CLANG_WARN_OBJC_ROOT_CLASS = YES_ERROR;
				CLANG_WARN_QUOTED_INCLUDE_IN_FRAMEWORK_HEADER = YES;
				CLANG_WARN_RANGE_LOOP_ANALYSIS = YES;
				CLANG_WARN_STRICT_PROTOTYPES = YES;
				CLANG_WARN_SUSPICIOUS_MOVE = YES;
				CLANG_WARN_UNGUARDED_AVAILABILITY = YES_AGGRESSIVE;
				CLANG_WARN_UNREACHABLE_CODE = YES;
				CLANG_WARN__DUPLICATE_METHOD_MATCH = YES;
				COPY_PHASE_STRIP = NO;
				DEBUG_INFORMATION_FORMAT = dwarf;
				ENABLE_STRICT_OBJC_MSGSEND = YES;
				ENABLE_TESTABILITY = YES;
				GCC_C_LANGUAGE_STANDARD = gnu11;
				GCC_DYNAMIC_NO_PIC = NO;
				GCC_NO_COMMON_BLOCKS = YES;
				GCC_OPTIMIZATION_LEVEL = 0;
				GCC_PREPROCESSOR_DEFINITIONS = (
					"DEBUG=1",
					"$(inherited)",
				);
				GCC_WARN_64_TO_32_BIT_CONVERSION = YES;
				GCC_WARN_ABOUT_RETURN_TYPE = YES_ERROR;
				GCC_WARN_UNDECLARED_SELECTOR = YES;
				GCC_WARN_UNINITIALIZED_AUTOS = YES_AGGRESSIVE;
				GCC_WARN_UNUSED_FUNCTION = YES;
				GCC_WARN_UNUSED_VARIABLE = YES;
				IPHONEOS_DEPLOYMENT_TARGET = 14.5;
				MTL_ENABLE_DEBUG_INFO = INCLUDE_SOURCE;
				MTL_FAST_MATH = YES;
				ONLY_ACTIVE_ARCH = YES;
				SDKROOT = iphoneos;
				SWIFT_ACTIVE_COMPILATION_CONDITIONS = DEBUG;
				SWIFT_OPTIMIZATION_LEVEL = "-Onone";
			};
			name = Debug;
		};
		3768193E26A75350003CA1D6 /* Release */ = {
			isa = XCBuildConfiguration;
			buildSettings = {
				ALWAYS_SEARCH_USER_PATHS = NO;
				CLANG_ANALYZER_NONNULL = YES;
				CLANG_ANALYZER_NUMBER_OBJECT_CONVERSION = YES_AGGRESSIVE;
				CLANG_CXX_LANGUAGE_STANDARD = "gnu++14";
				CLANG_CXX_LIBRARY = "libc++";
				CLANG_ENABLE_MODULES = YES;
				CLANG_ENABLE_OBJC_ARC = YES;
				CLANG_ENABLE_OBJC_WEAK = YES;
				CLANG_WARN_BLOCK_CAPTURE_AUTORELEASING = YES;
				CLANG_WARN_BOOL_CONVERSION = YES;
				CLANG_WARN_COMMA = YES;
				CLANG_WARN_CONSTANT_CONVERSION = YES;
				CLANG_WARN_DEPRECATED_OBJC_IMPLEMENTATIONS = YES;
				CLANG_WARN_DIRECT_OBJC_ISA_USAGE = YES_ERROR;
				CLANG_WARN_DOCUMENTATION_COMMENTS = YES;
				CLANG_WARN_EMPTY_BODY = YES;
				CLANG_WARN_ENUM_CONVERSION = YES;
				CLANG_WARN_INFINITE_RECURSION = YES;
				CLANG_WARN_INT_CONVERSION = YES;
				CLANG_WARN_NON_LITERAL_NULL_CONVERSION = YES;
				CLANG_WARN_OBJC_IMPLICIT_RETAIN_SELF = YES;
				CLANG_WARN_OBJC_LITERAL_CONVERSION = YES;
				CLANG_WARN_OBJC_ROOT_CLASS = YES_ERROR;
				CLANG_WARN_QUOTED_INCLUDE_IN_FRAMEWORK_HEADER = YES;
				CLANG_WARN_RANGE_LOOP_ANALYSIS = YES;
				CLANG_WARN_STRICT_PROTOTYPES = YES;
				CLANG_WARN_SUSPICIOUS_MOVE = YES;
				CLANG_WARN_UNGUARDED_AVAILABILITY = YES_AGGRESSIVE;
				CLANG_WARN_UNREACHABLE_CODE = YES;
				CLANG_WARN__DUPLICATE_METHOD_MATCH = YES;
				COPY_PHASE_STRIP = NO;
				DEBUG_INFORMATION_FORMAT = "dwarf-with-dsym";
				ENABLE_NS_ASSERTIONS = NO;
				ENABLE_STRICT_OBJC_MSGSEND = YES;
				GCC_C_LANGUAGE_STANDARD = gnu11;
				GCC_NO_COMMON_BLOCKS = YES;
				GCC_WARN_64_TO_32_BIT_CONVERSION = YES;
				GCC_WARN_ABOUT_RETURN_TYPE = YES_ERROR;
				GCC_WARN_UNDECLARED_SELECTOR = YES;
				GCC_WARN_UNINITIALIZED_AUTOS = YES_AGGRESSIVE;
				GCC_WARN_UNUSED_FUNCTION = YES;
				GCC_WARN_UNUSED_VARIABLE = YES;
				IPHONEOS_DEPLOYMENT_TARGET = 14.5;
				MTL_ENABLE_DEBUG_INFO = NO;
				MTL_FAST_MATH = YES;
				SDKROOT = iphoneos;
				SWIFT_COMPILATION_MODE = wholemodule;
				SWIFT_OPTIMIZATION_LEVEL = "-O";
				VALIDATE_PRODUCT = YES;
			};
			name = Release;
		};
		3768194026A75350003CA1D6 /* Debug */ = {
			isa = XCBuildConfiguration;
			buildSettings = {
				ASSETCATALOG_COMPILER_APPICON_NAME = AppIcon;
				ASSETCATALOG_COMPILER_GLOBAL_ACCENT_COLOR_NAME = AccentColor;
				CODE_SIGN_STYLE = Automatic;
				DEVELOPMENT_TEAM = XLXYYWMTX8;
				INFOPLIST_FILE = booksmartProject/Info.plist;
				LD_RUNPATH_SEARCH_PATHS = (
					"$(inherited)",
					"@executable_path/Frameworks",
				);
				PRODUCT_BUNDLE_IDENTIFIER = KWK.booksmartProject;
				PRODUCT_NAME = "$(TARGET_NAME)";
				SWIFT_VERSION = 5.0;
				TARGETED_DEVICE_FAMILY = "1,2";
			};
			name = Debug;
		};
		3768194126A75350003CA1D6 /* Release */ = {
			isa = XCBuildConfiguration;
			buildSettings = {
				ASSETCATALOG_COMPILER_APPICON_NAME = AppIcon;
				ASSETCATALOG_COMPILER_GLOBAL_ACCENT_COLOR_NAME = AccentColor;
				CODE_SIGN_STYLE = Automatic;
				DEVELOPMENT_TEAM = XLXYYWMTX8;
				INFOPLIST_FILE = booksmartProject/Info.plist;
				LD_RUNPATH_SEARCH_PATHS = (
					"$(inherited)",
					"@executable_path/Frameworks",
				);
				PRODUCT_BUNDLE_IDENTIFIER = KWK.booksmartProject;
				PRODUCT_NAME = "$(TARGET_NAME)";
				SWIFT_VERSION = 5.0;
				TARGETED_DEVICE_FAMILY = "1,2";
			};
			name = Release;
		};
/* End XCBuildConfiguration section */

/* Begin XCConfigurationList section */
		3768192326A7534A003CA1D6 /* Build configuration list for PBXProject "booksmartProject" */ = {
			isa = XCConfigurationList;
			buildConfigurations = (
				3768193D26A75350003CA1D6 /* Debug */,
				3768193E26A75350003CA1D6 /* Release */,
			);
			defaultConfigurationIsVisible = 0;
			defaultConfigurationName = Release;
		};
		3768193F26A75350003CA1D6 /* Build configuration list for PBXNativeTarget "booksmartProject" */ = {
			isa = XCConfigurationList;
			buildConfigurations = (
				3768194026A75350003CA1D6 /* Debug */,
				3768194126A75350003CA1D6 /* Release */,
			);
			defaultConfigurationIsVisible = 0;
			defaultConfigurationName = Release;
		};
/* End XCConfigurationList section */

/* Begin XCVersionGroup section */
		3768193426A7534A003CA1D6 /* booksmartProject.xcdatamodeld */ = {
			isa = XCVersionGroup;
			children = (
				3768193526A7534A003CA1D6 /* booksmartProject.xcdatamodel */,
			);
			currentVersion = 3768193526A7534A003CA1D6 /* booksmartProject.xcdatamodel */;
			path = booksmartProject.xcdatamodeld;
			sourceTree = "<group>";
			versionGroupType = wrapper.xcdatamodel;
		};
/* End XCVersionGroup section */
	};
	rootObject = 3768192026A7534A003CA1D6 /* Project object */;
}
